
Microsoft Visual Studio Solution File, Format Version 12.00
# Visual Studio Version 16
VisualStudioVersion = 16.0.31229.75
MinimumVisualStudioVersion = 10.0.40219.1
Project("{9A19103F-16F7-4668-BE54-9A1E7A4F7556}") = "eShopSolution.WebApp", "eShopSolution.WebApp\eShopSolution.WebApp.csproj", "{79F9127C-90B5-4517-A3B6-F4C96146A576}"
EndProject
Project("{2150E333-8FDC-42A3-9474-1A3956D46DE8}") = "Solution Items", "Solution Items", "{3FE9A46F-3597-4CDF-9500-67AE73E8E3A0}"
	ProjectSection(SolutionItems) = preProject
		README.md = README.md
	EndProjectSection
EndProject
Project("{9A19103F-16F7-4668-BE54-9A1E7A4F7556}") = "eShopSolution.Application", "eShopSolution.Application\eShopSolution.Application.csproj", "{318A2D1F-CC17-4130-BEE5-52D99587A6F9}"
EndProject
Project("{9A19103F-16F7-4668-BE54-9A1E7A4F7556}") = "eShopSolution.Data", "eShopSolution.Data\eShopSolution.Data.csproj", "{97B3B0FE-63C1-46D7-8CF9-878510D28D77}"
EndProject
Project("{9A19103F-16F7-4668-BE54-9A1E7A4F7556}") = "eShopSolution.Utilities", "eShopSolution.Utilities\eShopSolution.Utilities.csproj", "{E22A684C-1DC7-477B-909C-4BEE3B5192F6}"
EndProject
Project("{FAE04EC0-301F-11D3-BF4B-00C04F79EFBC}") = "eShopSolution.ViewModels", "eShopSolution.ViewModels\eShopSolution.ViewModels.csproj", "{5D6380CB-D75F-49C2-8F18-78CBAC914856}"
EndProject
Global
	GlobalSection(SolutionConfigurationPlatforms) = preSolution
		Debug|Any CPU = Debug|Any CPU
		Release|Any CPU = Release|Any CPU
	EndGlobalSection
	GlobalSection(ProjectConfigurationPlatforms) = postSolution
		{79F9127C-90B5-4517-A3B6-F4C96146A576}.Debug|Any CPU.ActiveCfg = Debug|Any CPU
		{79F9127C-90B5-4517-A3B6-F4C96146A576}.Debug|Any CPU.Build.0 = Debug|Any CPU
		{79F9127C-90B5-4517-A3B6-F4C96146A576}.Release|Any CPU.ActiveCfg = Release|Any CPU
		{79F9127C-90B5-4517-A3B6-F4C96146A576}.Release|Any CPU.Build.0 = Release|Any CPU
		{318A2D1F-CC17-4130-BEE5-52D99587A6F9}.Debug|Any CPU.ActiveCfg = Debug|Any CPU
		{318A2D1F-CC17-4130-BEE5-52D99587A6F9}.Debug|Any CPU.Build.0 = Debug|Any CPU
		{318A2D1F-CC17-4130-BEE5-52D99587A6F9}.Release|Any CPU.ActiveCfg = Release|Any CPU
		{318A2D1F-CC17-4130-BEE5-52D99587A6F9}.Release|Any CPU.Build.0 = Release|Any CPU
		{97B3B0FE-63C1-46D7-8CF9-878510D28D77}.Debug|Any CPU.ActiveCfg = Debug|Any CPU
		{97B3B0FE-63C1-46D7-8CF9-878510D28D77}.Debug|Any CPU.Build.0 = Debug|Any CPU
		{97B3B0FE-63C1-46D7-8CF9-878510D28D77}.Release|Any CPU.ActiveCfg = Release|Any CPU
		{97B3B0FE-63C1-46D7-8CF9-878510D28D77}.Release|Any CPU.Build.0 = Release|Any CPU
		{E22A684C-1DC7-477B-909C-4BEE3B5192F6}.Debug|Any CPU.ActiveCfg = Debug|Any CPU
		{E22A684C-1DC7-477B-909C-4BEE3B5192F6}.Debug|Any CPU.Build.0 = Debug|Any CPU
		{E22A684C-1DC7-477B-909C-4BEE3B5192F6}.Release|Any CPU.ActiveCfg = Release|Any CPU
		{E22A684C-1DC7-477B-909C-4BEE3B5192F6}.Release|Any CPU.Build.0 = Release|Any CPU
		{5D6380CB-D75F-49C2-8F18-78CBAC914856}.Debug|Any CPU.ActiveCfg = Debug|Any CPU
		{5D6380CB-D75F-49C2-8F18-78CBAC914856}.Debug|Any CPU.Build.0 = Debug|Any CPU
		{5D6380CB-D75F-49C2-8F18-78CBAC914856}.Release|Any CPU.ActiveCfg = Release|Any CPU
		{5D6380CB-D75F-49C2-8F18-78CBAC914856}.Release|Any CPU.Build.0 = Release|Any CPU
	EndGlobalSection
	GlobalSection(SolutionProperties) = preSolution
		HideSolutionNode = FALSE
	EndGlobalSection
	GlobalSection(ExtensibilityGlobals) = postSolution
		SolutionGuid = {B280C939-C0DF-40EA-AAA5-D498B7FD3377}
	EndGlobalSection
EndGlobal
